{
  "name": "example",
  "lockfileVersion": 3,
  "requires": true,
  "packages": {
    "": {
      "name": "example",
      "license": "MIT",
      "dependencies": {
        "geniter": "file:../lib"
      }
    },
    "../lib": {
      "name": "geniter",
      "version": "1.0.0",
      "license": "MIT"
    },
    "../lib/index.js": {
      "extraneous": true
    },
    "node_modules/geniter": {
      "resolved": "../lib",
      "link": true
    }
  }
}
